
Microsoft Visual Studio Solution File, Format Version 12.00
# Visual Studio Version 17
VisualStudioVersion = 17.4.33110.190
MinimumVisualStudioVersion = 10.0.40219.1
Project("{FAE04EC0-301F-11D3-BF4B-00C04F79EFBC}") = "WebProje", "WebProje\WebProje.csproj", "{8A1797EC-83E8-4BB6-8031-C8F56A91F22C}"
EndProject
Global
	GlobalSection(SolutionConfigurationPlatforms) = preSolution
		Debug|Any CPU = Debug|Any CPU
		Release|Any CPU = Release|Any CPU
	EndGlobalSection
	GlobalSection(ProjectConfigurationPlatforms) = postSolution
		{8A1797EC-83E8-4BB6-8031-C8F56A91F22C}.Debug|Any CPU.ActiveCfg = Debug|Any CPU
		{8A1797EC-83E8-4BB6-8031-C8F56A91F22C}.Debug|Any CPU.Build.0 = Debug|Any CPU
		{8A1797EC-83E8-4BB6-8031-C8F56A91F22C}.Release|Any CPU.ActiveCfg = Release|Any CPU
		{8A1797EC-83E8-4BB6-8031-C8F56A91F22C}.Release|Any CPU.Build.0 = Release|Any CPU
	EndGlobalSection
	GlobalSection(SolutionProperties) = preSolution
		HideSolutionNode = FALSE
	EndGlobalSection
	GlobalSection(ExtensibilityGlobals) = postSolution
		SolutionGuid = {D15F24E3-31E5-42F5-A7BA-41FAC94B9931}
	EndGlobalSection
EndGlobal
